// !$*UTF8*$!
{
	archiveVersion = 1;
	classes = {
	};
	objectVersion = 50;
	objects = {

/* Begin PBXBuildFile section */
		6470FF90243660BD00DB96B4 /* AppDelegate.swift in Sources */ = {isa = PBXBuildFile; fileRef = 6470FF8F243660BD00DB96B4 /* AppDelegate.swift */; };
		6470FF92243660BD00DB96B4 /* SceneDelegate.swift in Sources */ = {isa = PBXBuildFile; fileRef = 6470FF91243660BD00DB96B4 /* SceneDelegate.swift */; };
		6470FF9A243660BE00DB96B4 /* VK_feed.xcdatamodeld in Sources */ = {isa = PBXBuildFile; fileRef = 6470FF98243660BE00DB96B4 /* VK_feed.xcdatamodeld */; };
		6470FF9F243660E800DB96B4 /* LaunchScreen.storyboard in Resources */ = {isa = PBXBuildFile; fileRef = 6470FF9D243660E800DB96B4 /* LaunchScreen.storyboard */; };
		6470FFA72436624B00DB96B4 /* Main.storyboard in Resources */ = {isa = PBXBuildFile; fileRef = 6470FFA62436624B00DB96B4 /* Main.storyboard */; };
		6470FFA92436628D00DB96B4 /* Assets.xcassets in Resources */ = {isa = PBXBuildFile; fileRef = 6470FFA82436628D00DB96B4 /* Assets.xcassets */; };
		6470FFAD243664FB00DB96B4 /* AllFriendsController.swift in Sources */ = {isa = PBXBuildFile; fileRef = 6470FFAC243664FB00DB96B4 /* AllFriendsController.swift */; };
		6470FFAF2436650500DB96B4 /* AllFriendsCell.swift in Sources */ = {isa = PBXBuildFile; fileRef = 6470FFAE2436650500DB96B4 /* AllFriendsCell.swift */; };
		6470FFB22436653E00DB96B4 /* User.swift in Sources */ = {isa = PBXBuildFile; fileRef = 6470FFB12436653E00DB96B4 /* User.swift */; };
		6470FFB42436699200DB96B4 /* MeGroupViewCell.swift in Sources */ = {isa = PBXBuildFile; fileRef = 6470FFB32436699200DB96B4 /* MeGroupViewCell.swift */; };
		6470FFB6243669D100DB96B4 /* MyGroupViewController.swift in Sources */ = {isa = PBXBuildFile; fileRef = 6470FFB5243669D100DB96B4 /* MyGroupViewController.swift */; };
		6470FFB824366A8A00DB96B4 /* AllGroupViewCell.swift in Sources */ = {isa = PBXBuildFile; fileRef = 6470FFB724366A8A00DB96B4 /* AllGroupViewCell.swift */; };
		6470FFBC24366B7200DB96B4 /* AllGroupViewController.swift in Sources */ = {isa = PBXBuildFile; fileRef = 6470FFBB24366B7200DB96B4 /* AllGroupViewController.swift */; };
		6470FFBE2436865A00DB96B4 /* PhotoViewController.swift in Sources */ = {isa = PBXBuildFile; fileRef = 6470FFBD2436865A00DB96B4 /* PhotoViewController.swift */; };
		6470FFC02436868300DB96B4 /* PhotoViewCell.swift in Sources */ = {isa = PBXBuildFile; fileRef = 6470FFBF2436868300DB96B4 /* PhotoViewCell.swift */; };
		6470FFC22437731300DB96B4 /* Group.swift in Sources */ = {isa = PBXBuildFile; fileRef = 6470FFC12437731300DB96B4 /* Group.swift */; };
		64A347E7243B4566006DC3B8 /* ViewController.swift in Sources */ = {isa = PBXBuildFile; fileRef = 64A347E6243B4566006DC3B8 /* ViewController.swift */; };
/* End PBXBuildFile section */

/* Begin PBXFileReference section */
		6470FF8C243660BD00DB96B4 /* VK_feed.app */ = {isa = PBXFileReference; explicitFileType = wrapper.application; includeInIndex = 0; path = VK_feed.app; sourceTree = BUILT_PRODUCTS_DIR; };
		6470FF8F243660BD00DB96B4 /* AppDelegate.swift */ = {isa = PBXFileReference; lastKnownFileType = sourcecode.swift; path = AppDelegate.swift; sourceTree = "<group>"; };
		6470FF91243660BD00DB96B4 /* SceneDelegate.swift */ = {isa = PBXFileReference; lastKnownFileType = sourcecode.swift; path = SceneDelegate.swift; sourceTree = "<group>"; };
		6470FF99243660BE00DB96B4 /* VK_feed.xcdatamodel */ = {isa = PBXFileReference; lastKnownFileType = wrapper.xcdatamodel; path = VK_feed.xcdatamodel; sourceTree = "<group>"; };
		6470FF9E243660E800DB96B4 /* Base */ = {isa = PBXFileReference; lastKnownFileType = file.storyboard; name = Base; path = Base.lproj/LaunchScreen.storyboard; sourceTree = "<group>"; };
		6470FFA0243660E800DB96B4 /* Info.plist */ = {isa = PBXFileReference; lastKnownFileType = text.plist.xml; path = Info.plist; sourceTree = "<group>"; };
		6470FFA62436624B00DB96B4 /* Main.storyboard */ = {isa = PBXFileReference; fileEncoding = 4; lastKnownFileType = file.storyboard; path = Main.storyboard; sourceTree = "<group>"; };
		6470FFA82436628D00DB96B4 /* Assets.xcassets */ = {isa = PBXFileReference; lastKnownFileType = folder.assetcatalog; path = Assets.xcassets; sourceTree = "<group>"; };
		6470FFAC243664FB00DB96B4 /* AllFriendsController.swift */ = {isa = PBXFileReference; fileEncoding = 4; lastKnownFileType = sourcecode.swift; path = AllFriendsController.swift; sourceTree = "<group>"; };
		6470FFAE2436650500DB96B4 /* AllFriendsCell.swift */ = {isa = PBXFileReference; fileEncoding = 4; lastKnownFileType = sourcecode.swift; path = AllFriendsCell.swift; sourceTree = "<group>"; };
		6470FFB12436653E00DB96B4 /* User.swift */ = {isa = PBXFileReference; fileEncoding = 4; lastKnownFileType = sourcecode.swift; path = User.swift; sourceTree = "<group>"; };
		6470FFB32436699200DB96B4 /* MeGroupViewCell.swift */ = {isa = PBXFileReference; lastKnownFileType = sourcecode.swift; path = MeGroupViewCell.swift; sourceTree = "<group>"; };
		6470FFB5243669D100DB96B4 /* MyGroupViewController.swift */ = {isa = PBXFileReference; lastKnownFileType = sourcecode.swift; path = MyGroupViewController.swift; sourceTree = "<group>"; };
		6470FFB724366A8A00DB96B4 /* AllGroupViewCell.swift */ = {isa = PBXFileReference; lastKnownFileType = sourcecode.swift; path = AllGroupViewCell.swift; sourceTree = "<group>"; };
		6470FFBB24366B7200DB96B4 /* AllGroupViewController.swift */ = {isa = PBXFileReference; lastKnownFileType = sourcecode.swift; path = AllGroupViewController.swift; sourceTree = "<group>"; };
		6470FFBD2436865A00DB96B4 /* PhotoViewController.swift */ = {isa = PBXFileReference; lastKnownFileType = sourcecode.swift; path = PhotoViewController.swift; sourceTree = "<group>"; };
		6470FFBF2436868300DB96B4 /* PhotoViewCell.swift */ = {isa = PBXFileReference; lastKnownFileType = sourcecode.swift; path = PhotoViewCell.swift; sourceTree = "<group>"; };
		6470FFC12437731300DB96B4 /* Group.swift */ = {isa = PBXFileReference; lastKnownFileType = sourcecode.swift; path = Group.swift; sourceTree = "<group>"; };
		64A347E6243B4566006DC3B8 /* ViewController.swift */ = {isa = PBXFileReference; lastKnownFileType = sourcecode.swift; path = ViewController.swift; sourceTree = "<group>"; };
/* End PBXFileReference section */

/* Begin PBXFrameworksBuildPhase section */
		6470FF89243660BD00DB96B4 /* Frameworks */ = {
			isa = PBXFrameworksBuildPhase;
			buildActionMask = 2147483647;
			files = (
			);
			runOnlyForDeploymentPostprocessing = 0;
		};
/* End PBXFrameworksBuildPhase section */

/* Begin PBXGroup section */
		6470FF83243660BC00DB96B4 = {
			isa = PBXGroup;
			children = (
				6470FF8E243660BD00DB96B4 /* VK_feed */,
				6470FF8D243660BD00DB96B4 /* Products */,
			);
			sourceTree = "<group>";
		};
		6470FF8D243660BD00DB96B4 /* Products */ = {
			isa = PBXGroup;
			children = (
				6470FF8C243660BD00DB96B4 /* VK_feed.app */,
			);
			name = Products;
			sourceTree = "<group>";
		};
		6470FF8E243660BD00DB96B4 /* VK_feed */ = {
			isa = PBXGroup;
			children = (
				6470FF8F243660BD00DB96B4 /* AppDelegate.swift */,
				6470FF91243660BD00DB96B4 /* SceneDelegate.swift */,
				64A347E6243B4566006DC3B8 /* ViewController.swift */,
				6470FFAC243664FB00DB96B4 /* AllFriendsController.swift */,
				6470FFAE2436650500DB96B4 /* AllFriendsCell.swift */,
				6470FFB5243669D100DB96B4 /* MyGroupViewController.swift */,
				6470FFB32436699200DB96B4 /* MeGroupViewCell.swift */,
				6470FFB724366A8A00DB96B4 /* AllGroupViewCell.swift */,
				6470FFBB24366B7200DB96B4 /* AllGroupViewController.swift */,
				6470FFC12437731300DB96B4 /* Group.swift */,
				6470FFBD2436865A00DB96B4 /* PhotoViewController.swift */,
				6470FFBF2436868300DB96B4 /* PhotoViewCell.swift */,
				6470FFA62436624B00DB96B4 /* Main.storyboard */,
				6470FFB02436651900DB96B4 /* Model */,
				6470FFA82436628D00DB96B4 /* Assets.xcassets */,
				6470FF9D243660E800DB96B4 /* LaunchScreen.storyboard */,
				6470FFA0243660E800DB96B4 /* Info.plist */,
				6470FF98243660BE00DB96B4 /* VK_feed.xcdatamodeld */,
			);
			path = VK_feed;
			sourceTree = "<group>";
		};
		6470FFB02436651900DB96B4 /* Model */ = {
			isa = PBXGroup;
			children = (
				6470FFB12436653E00DB96B4 /* User.swift */,
			);
			name = Model;
			sourceTree = "<group>";
		};
/* End PBXGroup section */

/* Begin PBXNativeTarget section */
		6470FF8B243660BD00DB96B4 /* VK_feed */ = {
			isa = PBXNativeTarget;
			buildConfigurationList = 6470FFA3243660E800DB96B4 /* Build configuration list for PBXNativeTarget "VK_feed" */;
			buildPhases = (
				6470FF88243660BD00DB96B4 /* Sources */,
				6470FF89243660BD00DB96B4 /* Frameworks */,
				6470FF8A243660BD00DB96B4 /* Resources */,
			);
			buildRules = (
			);
			dependencies = (
			);
			name = VK_feed;
			productName = VK_feed;
			productReference = 6470FF8C243660BD00DB96B4 /* VK_feed.app */;
			productType = "com.apple.product-type.application";
		};
/* End PBXNativeTarget section */

/* Begin PBXProject section */
		6470FF84243660BC00DB96B4 /* Project object */ = {
			isa = PBXProject;
			attributes = {
				LastSwiftUpdateCheck = 1140;
				LastUpgradeCheck = 1140;
				ORGANIZATIONNAME = DmitriyBalyk;
				TargetAttributes = {
					6470FF8B243660BD00DB96B4 = {
						CreatedOnToolsVersion = 11.4;
					};
				};
			};
			buildConfigurationList = 6470FF87243660BC00DB96B4 /* Build configuration list for PBXProject "VK_feed" */;
			compatibilityVersion = "Xcode 9.3";
			developmentRegion = en;
			hasScannedForEncodings = 0;
			knownRegions = (
				en,
				Base,
			);
			mainGroup = 6470FF83243660BC00DB96B4;
			productRefGroup = 6470FF8D243660BD00DB96B4 /* Products */;
			projectDirPath = "";
			projectRoot = "";
			targets = (
				6470FF8B243660BD00DB96B4 /* VK_feed */,
			);
		};
/* End PBXProject section */

/* Begin PBXResourcesBuildPhase section */
		6470FF8A243660BD00DB96B4 /* Resources */ = {
			isa = PBXResourcesBuildPhase;
			buildActionMask = 2147483647;
			files = (
				6470FF9F243660E800DB96B4 /* LaunchScreen.storyboard in Resources */,
				6470FFA92436628D00DB96B4 /* Assets.xcassets in Resources */,
				6470FFA72436624B00DB96B4 /* Main.storyboard in Resources */,
			);
			runOnlyForDeploymentPostprocessing = 0;
		};
/* End PBXResourcesBuildPhase section */

/* Begin PBXSourcesBuildPhase section */
		6470FF88243660BD00DB96B4 /* Sources */ = {
			isa = PBXSourcesBuildPhase;
			buildActionMask = 2147483647;
			files = (
				64A347E7243B4566006DC3B8 /* ViewController.swift in Sources */,
				6470FFAF2436650500DB96B4 /* AllFriendsCell.swift in Sources */,
				6470FFB42436699200DB96B4 /* MeGroupViewCell.swift in Sources */,
				6470FFB6243669D100DB96B4 /* MyGroupViewController.swift in Sources */,
				6470FFB824366A8A00DB96B4 /* AllGroupViewCell.swift in Sources */,
				6470FFC02436868300DB96B4 /* PhotoViewCell.swift in Sources */,
				6470FFBE2436865A00DB96B4 /* PhotoViewController.swift in Sources */,
				6470FFC22437731300DB96B4 /* Group.swift in Sources */,
				6470FF9A243660BE00DB96B4 /* VK_feed.xcdatamodeld in Sources */,
				6470FFAD243664FB00DB96B4 /* AllFriendsController.swift in Sources */,
				6470FF90243660BD00DB96B4 /* AppDelegate.swift in Sources */,
				6470FFBC24366B7200DB96B4 /* AllGroupViewController.swift in Sources */,
				6470FF92243660BD00DB96B4 /* SceneDelegate.swift in Sources */,
				6470FFB22436653E00DB96B4 /* User.swift in Sources */,
			);
			runOnlyForDeploymentPostprocessing = 0;
		};
/* End PBXSourcesBuildPhase section */

/* Begin PBXVariantGroup section */
		6470FF9D243660E800DB96B4 /* LaunchScreen.storyboard */ = {
			isa = PBXVariantGroup;
			children = (
				6470FF9E243660E800DB96B4 /* Base */,
			);
			name = LaunchScreen.storyboard;
			sourceTree = "<group>";
		};
/* End PBXVariantGroup section */

/* Begin XCBuildConfiguration section */
		6470FFA1243660E800DB96B4 /* Debug */ = {
			isa = XCBuildConfiguration;
			buildSettings = {
				ALWAYS_SEARCH_USER_PATHS = NO;
				CLANG_ANALYZER_NONNULL = YES;
				CLANG_ANALYZER_NUMBER_OBJECT_CONVERSION = YES_AGGRESSIVE;
				CLANG_CXX_LANGUAGE_STANDARD = "gnu++14";
				CLANG_CXX_LIBRARY = "libc++";
				CLANG_ENABLE_MODULES = YES;
				CLANG_ENABLE_OBJC_ARC = YES;
				CLANG_ENABLE_OBJC_WEAK = YES;
				CLANG_WARN_BLOCK_CAPTURE_AUTORELEASING = YES;
				CLANG_WARN_BOOL_CONVERSION = YES;
				CLANG_WARN_COMMA = YES;
				CLANG_WARN_CONSTANT_CONVERSION = YES;
				CLANG_WARN_DEPRECATED_OBJC_IMPLEMENTATIONS = YES;
				CLANG_WARN_DIRECT_OBJC_ISA_USAGE = YES_ERROR;
				CLANG_WARN_DOCUMENTATION_COMMENTS = YES;
				CLANG_WARN_EMPTY_BODY = YES;
				CLANG_WARN_ENUM_CONVERSION = YES;
				CLANG_WARN_INFINITE_RECURSION = YES;
				CLANG_WARN_INT_CONVERSION = YES;
				CLANG_WARN_NON_LITERAL_NULL_CONVERSION = YES;
				CLANG_WARN_OBJC_IMPLICIT_RETAIN_SELF = YES;
				CLANG_WARN_OBJC_LITERAL_CONVERSION = YES;
				CLANG_WARN_OBJC_ROOT_CLASS = YES_ERROR;
				CLANG_WARN_RANGE_LOOP_ANALYSIS = YES;
				CLANG_WARN_STRICT_PROTOTYPES = YES;
				CLANG_WARN_SUSPICIOUS_MOVE = YES;
				CLANG_WARN_UNGUARDED_AVAILABILITY = YES_AGGRESSIVE;
				CLANG_WARN_UNREACHABLE_CODE = YES;
				CLANG_WARN__DUPLICATE_METHOD_MATCH = YES;
				COPY_PHASE_STRIP = NO;
				DEBUG_INFORMATION_FORMAT = dwarf;
				ENABLE_STRICT_OBJC_MSGSEND = YES;
				ENABLE_TESTABILITY = YES;
				GCC_C_LANGUAGE_STANDARD = gnu11;
				GCC_DYNAMIC_NO_PIC = NO;
				GCC_NO_COMMON_BLOCKS = YES;
				GCC_OPTIMIZATION_LEVEL = 0;
				GCC_PREPROCESSOR_DEFINITIONS = (
					"DEBUG=1",
					"$(inherited)",
				);
				GCC_WARN_64_TO_32_BIT_CONVERSION = YES;
				GCC_WARN_ABOUT_RETURN_TYPE = YES_ERROR;
				GCC_WARN_UNDECLARED_SELECTOR = YES;
				GCC_WARN_UNINITIALIZED_AUTOS = YES_AGGRESSIVE;
				GCC_WARN_UNUSED_FUNCTION = YES;
				GCC_WARN_UNUSED_VARIABLE = YES;
				IPHONEOS_DEPLOYMENT_TARGET = 13.4;
				MTL_ENABLE_DEBUG_INFO = INCLUDE_SOURCE;
				MTL_FAST_MATH = YES;
				ONLY_ACTIVE_ARCH = YES;
				SDKROOT = iphoneos;
				SWIFT_ACTIVE_COMPILATION_CONDITIONS = DEBUG;
				SWIFT_OPTIMIZATION_LEVEL = "-Onone";
			};
			name = Debug;
		};
		6470FFA2243660E800DB96B4 /* Release */ = {
			isa = XCBuildConfiguration;
			buildSettings = {
				ALWAYS_SEARCH_USER_PATHS = NO;
				CLANG_ANALYZER_NONNULL = YES;
				CLANG_ANALYZER_NUMBER_OBJECT_CONVERSION = YES_AGGRESSIVE;
				CLANG_CXX_LANGUAGE_STANDARD = "gnu++14";
				CLANG_CXX_LIBRARY = "libc++";
				CLANG_ENABLE_MODULES = YES;
				CLANG_ENABLE_OBJC_ARC = YES;
				CLANG_ENABLE_OBJC_WEAK = YES;
				CLANG_WARN_BLOCK_CAPTURE_AUTORELEASING = YES;
				CLANG_WARN_BOOL_CONVERSION = YES;
				CLANG_WARN_COMMA = YES;
				CLANG_WARN_CONSTANT_CONVERSION = YES;
				CLANG_WARN_DEPRECATED_OBJC_IMPLEMENTATIONS = YES;
				CLANG_WARN_DIRECT_OBJC_ISA_USAGE = YES_ERROR;
				CLANG_WARN_DOCUMENTATION_COMMENTS = YES;
				CLANG_WARN_EMPTY_BODY = YES;
				CLANG_WARN_ENUM_CONVERSION = YES;
				CLANG_WARN_INFINITE_RECURSION = YES;
				CLANG_WARN_INT_CONVERSION = YES;
				CLANG_WARN_NON_LITERAL_NULL_CONVERSION = YES;
				CLANG_WARN_OBJC_IMPLICIT_RETAIN_SELF = YES;
				CLANG_WARN_OBJC_LITERAL_CONVERSION = YES;
				CLANG_WARN_OBJC_ROOT_CLASS = YES_ERROR;
				CLANG_WARN_RANGE_LOOP_ANALYSIS = YES;
				CLANG_WARN_STRICT_PROTOTYPES = YES;
				CLANG_WARN_SUSPICIOUS_MOVE = YES;
				CLANG_WARN_UNGUARDED_AVAILABILITY = YES_AGGRESSIVE;
				CLANG_WARN_UNREACHABLE_CODE = YES;
				CLANG_WARN__DUPLICATE_METHOD_MATCH = YES;
				COPY_PHASE_STRIP = NO;
				DEBUG_INFORMATION_FORMAT = "dwarf-with-dsym";
				ENABLE_NS_ASSERTIONS = NO;
				ENABLE_STRICT_OBJC_MSGSEND = YES;
				GCC_C_LANGUAGE_STANDARD = gnu11;
				GCC_NO_COMMON_BLOCKS = YES;
				GCC_WARN_64_TO_32_BIT_CONVERSION = YES;
				GCC_WARN_ABOUT_RETURN_TYPE = YES_ERROR;
				GCC_WARN_UNDECLARED_SELECTOR = YES;
				GCC_WARN_UNINITIALIZED_AUTOS = YES_AGGRESSIVE;
				GCC_WARN_UNUSED_FUNCTION = YES;
				GCC_WARN_UNUSED_VARIABLE = YES;
				IPHONEOS_DEPLOYMENT_TARGET = 13.4;
				MTL_ENABLE_DEBUG_INFO = NO;
				MTL_FAST_MATH = YES;
				SDKROOT = iphoneos;
				SWIFT_COMPILATION_MODE = wholemodule;
				SWIFT_OPTIMIZATION_LEVEL = "-O";
				VALIDATE_PRODUCT = YES;
			};
			name = Release;
		};
		6470FFA4243660E800DB96B4 /* Debug */ = {
			isa = XCBuildConfiguration;
			buildSettings = {
				ASSETCATALOG_COMPILER_APPICON_NAME = AppIcon;
				CODE_SIGN_STYLE = Automatic;
				INFOPLIST_FILE = VK_feed/Info.plist;
				LD_RUNPATH_SEARCH_PATHS = (
					"$(inherited)",
					"@executable_path/Frameworks",
				);
				PRODUCT_BUNDLE_IDENTIFIER = "Home.VK-feed";
				PRODUCT_NAME = "$(TARGET_NAME)";
				SWIFT_VERSION = 5.0;
				TARGETED_DEVICE_FAMILY = "1,2";
			};
			name = Debug;
		};
		6470FFA5243660E800DB96B4 /* Release */ = {
			isa = XCBuildConfiguration;
			buildSettings = {
				ASSETCATALOG_COMPILER_APPICON_NAME = AppIcon;
				CODE_SIGN_STYLE = Automatic;
				INFOPLIST_FILE = VK_feed/Info.plist;
				LD_RUNPATH_SEARCH_PATHS = (
					"$(inherited)",
					"@executable_path/Frameworks",
				);
				PRODUCT_BUNDLE_IDENTIFIER = "Home.VK-feed";
				PRODUCT_NAME = "$(TARGET_NAME)";
				SWIFT_VERSION = 5.0;
				TARGETED_DEVICE_FAMILY = "1,2";
			};
			name = Release;
		};
/* End XCBuildConfiguration section */

/* Begin XCConfigurationList section */
		6470FF87243660BC00DB96B4 /* Build configuration list for PBXProject "VK_feed" */ = {
			isa = XCConfigurationList;
			buildConfigurations = (
				6470FFA1243660E800DB96B4 /* Debug */,
				6470FFA2243660E800DB96B4 /* Release */,
			);
			defaultConfigurationIsVisible = 0;
			defaultConfigurationName = Release;
		};
		6470FFA3243660E800DB96B4 /* Build configuration list for PBXNativeTarget "VK_feed" */ = {
			isa = XCConfigurationList;
			buildConfigurations = (
				6470FFA4243660E800DB96B4 /* Debug */,
				6470FFA5243660E800DB96B4 /* Release */,
			);
			defaultConfigurationIsVisible = 0;
			defaultConfigurationName = Release;
		};
/* End XCConfigurationList section */

/* Begin XCVersionGroup section */
		6470FF98243660BE00DB96B4 /* VK_feed.xcdatamodeld */ = {
			isa = XCVersionGroup;
			children = (
				6470FF99243660BE00DB96B4 /* VK_feed.xcdatamodel */,
			);
			currentVersion = 6470FF99243660BE00DB96B4 /* VK_feed.xcdatamodel */;
			path = VK_feed.xcdatamodeld;
			sourceTree = "<group>";
			versionGroupType = wrapper.xcdatamodel;
		};
/* End XCVersionGroup section */
	};
	rootObject = 6470FF84243660BC00DB96B4 /* Project object */;
}
